Microsoft Visual Studio Solution File, Format Version 12.00
# Visual Studio Version 17
VisualStudioVersion = 17.13.35919.96
MinimumVisualStudioVersion = 10.0.40219.1
Project("{FAE04EC0-301F-11D3-BF4B-00C04F79EFBC}") = "Instrument.Data", "Instrument.Data\Instrument.Data.csproj", "{6C28E4B1-F992-4B85-BA06-AC3FBFF1B5F3}"
EndProject
Project("{FAE04EC0-301F-11D3-BF4B-00C04F79EFBC}") = "Instrument.Data.UT", "Instrument.Data.UT\Instrument.Data.UT.csproj", "{C2BD18CC-EB5A-47A4-B10F-97D2A3346709}"
EndProject
Project("{FAE04EC0-301F-11D3-BF4B-00C04F79EFBC}") = "Instrument.Data.Avalonia", "Instrument.Data.Avalonia\Instrument.Data.Avalonia.csproj", "{9A0236DD-C6ED-4C6F-BB4F-43454B977423}"
EndProject
Global
	GlobalSection(SolutionConfigurationPlatforms) = preSolution
		Debug|Any CPU = Debug|Any CPU
		Release|Any CPU = Release|Any CPU
	EndGlobalSection
	GlobalSection(ProjectConfigurationPlatforms) = postSolution
		{6C28E4B1-F992-4B85-BA06-AC3FBFF1B5F3}.Debug|Any CPU.ActiveCfg = Debug|Any CPU
		{6C28E4B1-F992-4B85-BA06-AC3FBFF1B5F3}.Debug|Any CPU.Build.0 = Debug|Any CPU
		{6C28E4B1-F992-4B85-BA06-AC3FBFF1B5F3}.Release|Any CPU.ActiveCfg = Release|Any CPU
		{6C28E4B1-F992-4B85-BA06-AC3FBFF1B5F3}.Release|Any CPU.Build.0 = Release|Any CPU
		{C2BD18CC-EB5A-47A4-B10F-97D2A3346709}.Debug|Any CPU.ActiveCfg = Debug|Any CPU
		{C2BD18CC-EB5A-47A4-B10F-97D2A3346709}.Debug|Any CPU.Build.0 = Debug|Any CPU
		{C2BD18CC-EB5A-47A4-B10F-97D2A3346709}.Release|Any CPU.ActiveCfg = Release|Any CPU
		{C2BD18CC-EB5A-47A4-B10F-97D2A3346709}.Release|Any CPU.Build.0 = Release|Any CPU
		{9A0236DD-C6ED-4C6F-BB4F-43454B977423}.Debug|Any CPU.ActiveCfg = Debug|Any CPU
		{9A0236DD-C6ED-4C6F-BB4F-43454B977423}.Debug|Any CPU.Build.0 = Debug|Any CPU
		{9A0236DD-C6ED-4C6F-BB4F-43454B977423}.Release|Any CPU.ActiveCfg = Release|Any CPU
		{9A0236DD-C6ED-4C6F-BB4F-43454B977423}.Release|Any CPU.Build.0 = Release|Any CPU
	EndGlobalSection
	GlobalSection(SolutionProperties) = preSolution
		HideSolutionNode = FALSE
	EndGlobalSection
	GlobalSection(ExtensibilityGlobals) = postSolution
		SolutionGuid = {78FE098B-A327-4FE9-AE4C-DCE5C0BE575D}
	EndGlobalSection
EndGlobal
